
Microsoft Visual Studio Solution File, Format Version 12.00
# Visual Studio Version 17
VisualStudioVersion = 17.3.32929.385
MinimumVisualStudioVersion = 10.0.40219.1
Project("{FAE04EC0-301F-11D3-BF4B-00C04F79EFBC}") = "GameServer.API", "GameServer.API\GameServer.API.csproj", "{3FC308DE-0DC1-4EFA-AD48-D319CC4F3832}"
EndProject
Project("{FAE04EC0-301F-11D3-BF4B-00C04F79EFBC}") = "GameServer.Models", "GameServer.Models\GameServer.Models.csproj", "{CCFCBD26-B3D0-4DB1-9042-68A0F30486B8}"
EndProject
Project("{FAE04EC0-301F-11D3-BF4B-00C04F79EFBC}") = "GameServer.Models.MongoDB", "GameServer.Models.MongoDB\GameServer.Models.MongoDB.csproj", "{B64817D6-6B9C-4F07-95DF-F6CFCC2AB4F2}"
EndProject
Global
	GlobalSection(SolutionConfigurationPlatforms) = preSolution
		Debug|Any CPU = Debug|Any CPU
		Release|Any CPU = Release|Any CPU
	EndGlobalSection
	GlobalSection(ProjectConfigurationPlatforms) = postSolution
		{3FC308DE-0DC1-4EFA-AD48-D319CC4F3832}.Debug|Any CPU.ActiveCfg = Debug|Any CPU
		{3FC308DE-0DC1-4EFA-AD48-D319CC4F3832}.Debug|Any CPU.Build.0 = Debug|Any CPU
		{3FC308DE-0DC1-4EFA-AD48-D319CC4F3832}.Release|Any CPU.ActiveCfg = Release|Any CPU
		{3FC308DE-0DC1-4EFA-AD48-D319CC4F3832}.Release|Any CPU.Build.0 = Release|Any CPU
		{CCFCBD26-B3D0-4DB1-9042-68A0F30486B8}.Debug|Any CPU.ActiveCfg = Debug|Any CPU
		{CCFCBD26-B3D0-4DB1-9042-68A0F30486B8}.Debug|Any CPU.Build.0 = Debug|Any CPU
		{CCFCBD26-B3D0-4DB1-9042-68A0F30486B8}.Release|Any CPU.ActiveCfg = Release|Any CPU
		{CCFCBD26-B3D0-4DB1-9042-68A0F30486B8}.Release|Any CPU.Build.0 = Release|Any CPU
		{B64817D6-6B9C-4F07-95DF-F6CFCC2AB4F2}.Debug|Any CPU.ActiveCfg = Debug|Any CPU
		{B64817D6-6B9C-4F07-95DF-F6CFCC2AB4F2}.Debug|Any CPU.Build.0 = Debug|Any CPU
		{B64817D6-6B9C-4F07-95DF-F6CFCC2AB4F2}.Release|Any CPU.ActiveCfg = Release|Any CPU
		{B64817D6-6B9C-4F07-95DF-F6CFCC2AB4F2}.Release|Any CPU.Build.0 = Release|Any CPU
	EndGlobalSection
	GlobalSection(SolutionProperties) = preSolution
		HideSolutionNode = FALSE
	EndGlobalSection
	GlobalSection(ExtensibilityGlobals) = postSolution
		SolutionGuid = {EFCE38F8-CAA2-4AB7-9C8B-E9BAC36152EE}
	EndGlobalSection
EndGlobal
